
Microsoft Visual Studio Solution File, Format Version 12.00
# Visual Studio Version 17
VisualStudioVersion = 17.6.33829.357
MinimumVisualStudioVersion = 10.0.40219.1
Project("{FAE04EC0-301F-11D3-BF4B-00C04F79EFBC}") = "Csharp_tinhHT", "Csharp_tinhHT\Csharp_tinhHT.csproj", "{CA71D8BE-064C-4C0A-8D58-E7A9B765F8DB}"
EndProject
Global
	GlobalSection(SolutionConfigurationPlatforms) = preSolution
		Debug|Any CPU = Debug|Any CPU
		Release|Any CPU = Release|Any CPU
	EndGlobalSection
	GlobalSection(ProjectConfigurationPlatforms) = postSolution
		{CA71D8BE-064C-4C0A-8D58-E7A9B765F8DB}.Debug|Any CPU.ActiveCfg = Debug|Any CPU
		{CA71D8BE-064C-4C0A-8D58-E7A9B765F8DB}.Debug|Any CPU.Build.0 = Debug|Any CPU
		{CA71D8BE-064C-4C0A-8D58-E7A9B765F8DB}.Release|Any CPU.ActiveCfg = Release|Any CPU
		{CA71D8BE-064C-4C0A-8D58-E7A9B765F8DB}.Release|Any CPU.Build.0 = Release|Any CPU
	EndGlobalSection
	GlobalSection(SolutionProperties) = preSolution
		HideSolutionNode = FALSE
	EndGlobalSection
	GlobalSection(ExtensibilityGlobals) = postSolution
		SolutionGuid = {5D24FF4B-D62D-4AEE-A795-EFBC61D16C63}
	EndGlobalSection
EndGlobal
